
Microsoft Visual Studio Solution File, Format Version 12.00
# Visual Studio 14
VisualStudioVersion = 14.0.25123.0
MinimumVisualStudioVersion = 10.0.40219.1
Project("{FAE04EC0-301F-11D3-BF4B-00C04F79EFBC}") = "Ayx.CSLibrary", "Ayx.CSLibrary\Ayx.CSLibrary.csproj", "{A351C334-B0B6-45B2-AAD3-D29B0B82F510}"
EndProject
Project("{2150E333-8FDC-42A3-9474-1A3956D46DE8}") = "Samples", "Samples", "{67F8295B-8D04-4CDB-9A06-66EAA3886BFF}"
EndProject
Project("{FAE04EC0-301F-11D3-BF4B-00C04F79EFBC}") = "Ayx.CSLibraryTests", "Ayx.CSLibraryTests\Ayx.CSLibraryTests.csproj", "{8D64C684-A54B-467D-AEE5-EA130618E539}"
EndProject
Global
	GlobalSection(SolutionConfigurationPlatforms) = preSolution
		Debug|Any CPU = Debug|Any CPU
		Release|Any CPU = Release|Any CPU
	EndGlobalSection
	GlobalSection(ProjectConfigurationPlatforms) = postSolution
		{A351C334-B0B6-45B2-AAD3-D29B0B82F510}.Debug|Any CPU.ActiveCfg = Debug|Any CPU
		{A351C334-B0B6-45B2-AAD3-D29B0B82F510}.Debug|Any CPU.Build.0 = Debug|Any CPU
		{A351C334-B0B6-45B2-AAD3-D29B0B82F510}.Release|Any CPU.ActiveCfg = Release|Any CPU
		{A351C334-B0B6-45B2-AAD3-D29B0B82F510}.Release|Any CPU.Build.0 = Release|Any CPU
		{8D64C684-A54B-467D-AEE5-EA130618E539}.Debug|Any CPU.ActiveCfg = Debug|Any CPU
		{8D64C684-A54B-467D-AEE5-EA130618E539}.Debug|Any CPU.Build.0 = Debug|Any CPU
		{8D64C684-A54B-467D-AEE5-EA130618E539}.Release|Any CPU.ActiveCfg = Release|Any CPU
		{8D64C684-A54B-467D-AEE5-EA130618E539}.Release|Any CPU.Build.0 = Release|Any CPU
	EndGlobalSection
	GlobalSection(SolutionProperties) = preSolution
		HideSolutionNode = FALSE
	EndGlobalSection
EndGlobal
